{
  "nodes": {
    "flake-utils": {
      "inputs": {
        "systems": "systems"
      },
      "locked": {
        "lastModified": 1694529238,
        "narHash": "sha256-zsNZZGTGnMOf9YpHKJqMSsa0dXbfmxeoJ7xHlrt+xmY=",
        "owner": "numtide",
        "repo": "flake-utils",
        "rev": "ff7b65b44d01cf9ba6a71320833626af21126384",
        "type": "github"
      },
      "original": {
        "owner": "numtide",
        "repo": "flake-utils",
        "type": "github"
      }
    },
    "nix-pre-commit": {
      "inputs": {
        "flake-utils": [
          "flake-utils"
        ],
        "nixpkgs": [
          "nixpkgs"
        ]
      },
      "locked": {
        "lastModified": 1700261451,
        "narHash": "sha256-mhcQ4JisoPsMt5RwxnE5ans5VohypiDj2+HQ/c7wNts=",
        "owner": "kingarrrt",
        "repo": "nix-pre-commit",
        "rev": "af170bc38c2c55f4b676e5c38d36e8c72fd263e5",
        "type": "github"
      },
      "original": {
        "owner": "kingarrrt",
        "repo": "nix-pre-commit",
        "type": "github"
      }
    },
    "nixpkgs": {
      "locked": {
        "lastModified": 1698974928,
        "narHash": "sha256-qiRbMCqO+PBdqPO1ykAdN1vS6VQba3Tb4Ec0bh+sI3s=",
        "ref": "refs/heads/nixpkgs-unstable",
        "rev": "7ae23b8a5ac2b47822fd65ea12e5cd62cc7f6f5f",
        "revCount": 543326,
        "type": "git",
        "url": "file:///home/arthur/wrk/nixpkgs-unstable"
      },
      "original": {
        "type": "git",
        "url": "file:///home/arthur/wrk/nixpkgs-unstable"
      }
    },
    "root": {
      "inputs": {
        "flake-utils": "flake-utils",
        "nix-pre-commit": "nix-pre-commit",
        "nixpkgs": "nixpkgs"
      }
    },
    "systems": {
      "locked": {
        "lastModified": 1681028828,
        "narHash": "sha256-Vy1rq5AaRuLzOxct8nz4T6wlgyUR7zLU309k9mBC768=",
        "owner": "nix-systems",
        "repo": "default",
        "rev": "da67096a3b9bf56a91d16901293e51ba5b49a27e",
        "type": "github"
      },
      "original": {
        "owner": "nix-systems",
        "repo": "default",
        "type": "github"
      }
    }
  },
  "root": "root",
  "version": 7
}
