{
  "nodes": {
    "flake-utils": {
      "inputs": {
        "systems": "systems"
      },
      "locked": {
        "lastModified": 1731533236,
        "narHash": "sha256-l0KFg5HjrsfsO/JpG+r7fRrqm12kzFHyUHqHCVpMMbI=",
        "owner": "numtide",
        "repo": "flake-utils",
        "rev": "11707dc2f618dd54ca8739b309ec4fc024de578b",
        "type": "github"
      },
      "original": {
        "owner": "numtide",
        "repo": "flake-utils",
        "type": "github"
      }
    },
    "nix-github-actions": {
      "inputs": {
        "nixpkgs": [
          "pyproject",
          "nixpkgs"
        ]
      },
      "locked": {
        "lastModified": 1731952509,
        "narHash": "sha256-p4gB3Rhw8R6Ak4eMl8pqjCPOLCZRqaehZxdZ/mbFClM=",
        "owner": "nix-community",
        "repo": "nix-github-actions",
        "rev": "7b5f051df789b6b20d259924d349a9ba3319b226",
        "type": "github"
      },
      "original": {
        "owner": "nix-community",
        "repo": "nix-github-actions",
        "type": "github"
      }
    },
    "nix-pre-commit": {
      "inputs": {
        "flake-utils": [
          "pyproject",
          "flake-utils"
        ],
        "nixpkgs": [
          "pyproject",
          "nixpkgs"
        ]
      },
      "locked": {
        "lastModified": 1700918362,
        "narHash": "sha256-liUFiXnuKrx/8RA/aTXjummv/Jc6Ph3Mgq/2Wcublfw=",
        "owner": "kingarrrt",
        "repo": "nix-pre-commit",
        "rev": "f4e711a77a54da892d6c560ea94913a70901f98c",
        "type": "github"
      },
      "original": {
        "owner": "kingarrrt",
        "repo": "nix-pre-commit",
        "type": "github"
      }
    },
    "nixpkgs": {
      "locked": {
        "lastModified": 1731890469,
        "narHash": "sha256-D1FNZ70NmQEwNxpSSdTXCSklBH1z2isPR84J6DQrJGs=",
        "owner": "nixos",
        "repo": "nixpkgs",
        "rev": "5083ec887760adfe12af64830a66807423a859a7",
        "type": "github"
      },
      "original": {
        "owner": "nixos",
        "ref": "nixpkgs-unstable",
        "repo": "nixpkgs",
        "type": "github"
      }
    },
    "pyproject": {
      "inputs": {
        "flake-utils": "flake-utils",
        "nix-github-actions": "nix-github-actions",
        "nix-pre-commit": "nix-pre-commit",
        "nixpkgs": [
          "nixpkgs"
        ],
        "pyproject-nix": "pyproject-nix"
      },
      "locked": {
        "lastModified": 1732047920,
        "narHash": "sha256-gusj2Pgbxk/A7XCNfIje3A6pJ6j6BWkvMcDEsl6mw7U=",
        "owner": "0compute",
        "repo": "pyproject",
        "rev": "14dfe84bff86dc07aea3595fd6a68c22d09436f6",
        "type": "github"
      },
      "original": {
        "owner": "0compute",
        "repo": "pyproject",
        "type": "github"
      }
    },
    "pyproject-nix": {
      "inputs": {
        "nixpkgs": [
          "pyproject",
          "nixpkgs"
        ]
      },
      "locked": {
        "lastModified": 1732018630,
        "narHash": "sha256-5DnH93JNpNZIV4y0XJu0u35sql4S2U9EKZ/SWSAdcPk=",
        "owner": "nix-community",
        "repo": "pyproject.nix",
        "rev": "a4e838bfb3761ac0743e8d241fd0e3e0d26eabb8",
        "type": "github"
      },
      "original": {
        "owner": "nix-community",
        "repo": "pyproject.nix",
        "type": "github"
      }
    },
    "root": {
      "inputs": {
        "nixpkgs": "nixpkgs",
        "pyproject": "pyproject"
      }
    },
    "systems": {
      "locked": {
        "lastModified": 1681028828,
        "narHash": "sha256-Vy1rq5AaRuLzOxct8nz4T6wlgyUR7zLU309k9mBC768=",
        "owner": "nix-systems",
        "repo": "default",
        "rev": "da67096a3b9bf56a91d16901293e51ba5b49a27e",
        "type": "github"
      },
      "original": {
        "owner": "nix-systems",
        "repo": "default",
        "type": "github"
      }
    }
  },
  "root": "root",
  "version": 7
}
